
Microsoft Visual Studio Solution File, Format Version 12.00
# Visual Studio 15
VisualStudioVersion = 15.0.28010.2050
MinimumVisualStudioVersion = 10.0.40219.1
Project("{FAE04EC0-301F-11D3-BF4B-00C04F79EFBC}") = "MyWebApi", "MyWebApi\MyWebApi.csproj", "{9CD210E7-C5BB-4311-B594-C92DE88802B2}"
EndProject
Global
	GlobalSection(SolutionConfigurationPlatforms) = preSolution
		Debug|Any CPU = Debug|Any CPU
		Release|Any CPU = Release|Any CPU
	EndGlobalSection
	GlobalSection(ProjectConfigurationPlatforms) = postSolution
		{9CD210E7-C5BB-4311-B594-C92DE88802B2}.Debug|Any CPU.ActiveCfg = Debug|Any CPU
		{9CD210E7-C5BB-4311-B594-C92DE88802B2}.Debug|Any CPU.Build.0 = Debug|Any CPU
		{9CD210E7-C5BB-4311-B594-C92DE88802B2}.Release|Any CPU.ActiveCfg = Release|Any CPU
		{9CD210E7-C5BB-4311-B594-C92DE88802B2}.Release|Any CPU.Build.0 = Release|Any CPU
	EndGlobalSection
	GlobalSection(SolutionProperties) = preSolution
		HideSolutionNode = FALSE
	EndGlobalSection
	GlobalSection(ExtensibilityGlobals) = postSolution
		SolutionGuid = {C5B524E0-E918-4310-AE67-B1D4147743BE}
	EndGlobalSection
EndGlobal
